
Microsoft Visual Studio Solution File, Format Version 12.00
# Visual Studio Version 17
VisualStudioVersion = 17.3.32901.215
MinimumVisualStudioVersion = 10.0.40219.1
Project("{FAE04EC0-301F-11D3-BF4B-00C04F79EFBC}") = "P6_1_1214074", "P6_1_1214074\P6_1_1214074.csproj", "{6791C2DA-18DA-4E24-A44D-4ABC8684C931}"
EndProject
Global
	GlobalSection(SolutionConfigurationPlatforms) = preSolution
		Debug|Any CPU = Debug|Any CPU
		Release|Any CPU = Release|Any CPU
	EndGlobalSection
	GlobalSection(ProjectConfigurationPlatforms) = postSolution
		{6791C2DA-18DA-4E24-A44D-4ABC8684C931}.Debug|Any CPU.ActiveCfg = Debug|Any CPU
		{6791C2DA-18DA-4E24-A44D-4ABC8684C931}.Debug|Any CPU.Build.0 = Debug|Any CPU
		{6791C2DA-18DA-4E24-A44D-4ABC8684C931}.Release|Any CPU.ActiveCfg = Release|Any CPU
		{6791C2DA-18DA-4E24-A44D-4ABC8684C931}.Release|Any CPU.Build.0 = Release|Any CPU
	EndGlobalSection
	GlobalSection(SolutionProperties) = preSolution
		HideSolutionNode = FALSE
	EndGlobalSection
	GlobalSection(ExtensibilityGlobals) = postSolution
		SolutionGuid = {AC4EED55-5A73-4DC0-919F-0B4188DD123E}
	EndGlobalSection
EndGlobal
